{
  "name": "sample-project",
  "version": "1.0.0",
  "lockfileVersion": 2,
  "requires": true,
  "packages": {
    "": {
      "name": "sample-project",
      "version": "1.0.0",
      "license": "MIT",
      "dependencies": {
        "express": "^4.18.2"
      },
      "devDependencies": {
        "eslint": "^8.47.0",
        "nodemon": "^3.0.1"
      }
    },
    "node_modules/accepts": {
      "version": "1.3.8",
      "resolved": "https://registry.npmjs.org/accepts/-/accepts-1.3.8.tgz",
      "integrity": "sha512-r75/i2wD1ofPjbz+g30tSHFGFP4z4A4AYBYNeGE0vU1BhDf4THeLk+9EQ9gTNczh5eJTL9CCEqX4hZq4nqgz3w==",
      "dependencies": {
        "mime-types": "~2.1.34",
        "negotiator": "0.6.3"
      }
    },
    "node_modules/express": {
      "version": "4.18.2",
      "resolved": "https://registry.npmjs.org/express/-/express-4.18.2.tgz",
      "integrity": "sha512-xyz",
      "dependencies": {
        "accepts": "~1.3.8",
        "body-parser": "1.20.2"
      }
    },
    "node_modules/eslint": {
      "version": "8.47.0",
      "resolved": "https://registry.npmjs.org/eslint/-/eslint-8.47.0.tgz",
      "integrity": "sha512-xyz"
    },
    "node_modules/nodemon": {
      "version": "3.0.1",
      "resolved": "https://registry.npmjs.org/nodemon/-/nodemon-3.0.1.tgz",
      "integrity": "sha512-xyz"
    }
  }
}
